
Microsoft Visual Studio Solution File, Format Version 12.00
# Visual Studio Version 16
VisualStudioVersion = 16.0.31729.503
MinimumVisualStudioVersion = 10.0.40219.1
Project("{FAE04EC0-301F-11D3-BF4B-00C04F79EFBC}") = "Ex01", "Ex01\Ex01.csproj", "{55555F02-8DEE-470F-ADA4-B968C07E9C5C}"
EndProject
Project("{FAE04EC0-301F-11D3-BF4B-00C04F79EFBC}") = "Ex02", "Ex02\Ex02.csproj", "{F2648342-1739-4B39-91E3-4F0FDF8BA0ED}"
EndProject
Project("{FAE04EC0-301F-11D3-BF4B-00C04F79EFBC}") = "Ex03", "Ex03\Ex03.csproj", "{E7282081-1567-4AA9-9963-5C9312AE9211}"
EndProject
Project("{FAE04EC0-301F-11D3-BF4B-00C04F79EFBC}") = "Ex04", "Ex04\Ex04.csproj", "{F9961F3D-1B6B-4B73-A37A-D8849DBB0088}"
EndProject
Project("{FAE04EC0-301F-11D3-BF4B-00C04F79EFBC}") = "Ex05", "Ex05\Ex05.csproj", "{16020991-E6CC-40DC-904A-BD5CF28F31EE}"
EndProject
Project("{FAE04EC0-301F-11D3-BF4B-00C04F79EFBC}") = "Ex06", "Ex06\Ex06.csproj", "{87724E41-3918-479D-97CA-303F0FB07C32}"
EndProject
Project("{FAE04EC0-301F-11D3-BF4B-00C04F79EFBC}") = "Ex07", "Ex07\Ex07.csproj", "{C52ED83E-684F-4706-AF81-6B2E04489229}"
EndProject
Global
	GlobalSection(SolutionConfigurationPlatforms) = preSolution
		Debug|Any CPU = Debug|Any CPU
		Release|Any CPU = Release|Any CPU
	EndGlobalSection
	GlobalSection(ProjectConfigurationPlatforms) = postSolution
		{55555F02-8DEE-470F-ADA4-B968C07E9C5C}.Debug|Any CPU.ActiveCfg = Debug|Any CPU
		{55555F02-8DEE-470F-ADA4-B968C07E9C5C}.Debug|Any CPU.Build.0 = Debug|Any CPU
		{55555F02-8DEE-470F-ADA4-B968C07E9C5C}.Release|Any CPU.ActiveCfg = Release|Any CPU
		{55555F02-8DEE-470F-ADA4-B968C07E9C5C}.Release|Any CPU.Build.0 = Release|Any CPU
		{F2648342-1739-4B39-91E3-4F0FDF8BA0ED}.Debug|Any CPU.ActiveCfg = Debug|Any CPU
		{F2648342-1739-4B39-91E3-4F0FDF8BA0ED}.Debug|Any CPU.Build.0 = Debug|Any CPU
		{F2648342-1739-4B39-91E3-4F0FDF8BA0ED}.Release|Any CPU.ActiveCfg = Release|Any CPU
		{F2648342-1739-4B39-91E3-4F0FDF8BA0ED}.Release|Any CPU.Build.0 = Release|Any CPU
		{E7282081-1567-4AA9-9963-5C9312AE9211}.Debug|Any CPU.ActiveCfg = Debug|Any CPU
		{E7282081-1567-4AA9-9963-5C9312AE9211}.Debug|Any CPU.Build.0 = Debug|Any CPU
		{E7282081-1567-4AA9-9963-5C9312AE9211}.Release|Any CPU.ActiveCfg = Release|Any CPU
		{E7282081-1567-4AA9-9963-5C9312AE9211}.Release|Any CPU.Build.0 = Release|Any CPU
		{F9961F3D-1B6B-4B73-A37A-D8849DBB0088}.Debug|Any CPU.ActiveCfg = Debug|Any CPU
		{F9961F3D-1B6B-4B73-A37A-D8849DBB0088}.Debug|Any CPU.Build.0 = Debug|Any CPU
		{F9961F3D-1B6B-4B73-A37A-D8849DBB0088}.Release|Any CPU.ActiveCfg = Release|Any CPU
		{F9961F3D-1B6B-4B73-A37A-D8849DBB0088}.Release|Any CPU.Build.0 = Release|Any CPU
		{16020991-E6CC-40DC-904A-BD5CF28F31EE}.Debug|Any CPU.ActiveCfg = Debug|Any CPU
		{16020991-E6CC-40DC-904A-BD5CF28F31EE}.Debug|Any CPU.Build.0 = Debug|Any CPU
		{16020991-E6CC-40DC-904A-BD5CF28F31EE}.Release|Any CPU.ActiveCfg = Release|Any CPU
		{16020991-E6CC-40DC-904A-BD5CF28F31EE}.Release|Any CPU.Build.0 = Release|Any CPU
		{87724E41-3918-479D-97CA-303F0FB07C32}.Debug|Any CPU.ActiveCfg = Debug|Any CPU
		{87724E41-3918-479D-97CA-303F0FB07C32}.Debug|Any CPU.Build.0 = Debug|Any CPU
		{87724E41-3918-479D-97CA-303F0FB07C32}.Release|Any CPU.ActiveCfg = Release|Any CPU
		{87724E41-3918-479D-97CA-303F0FB07C32}.Release|Any CPU.Build.0 = Release|Any CPU
		{C52ED83E-684F-4706-AF81-6B2E04489229}.Debug|Any CPU.ActiveCfg = Debug|Any CPU
		{C52ED83E-684F-4706-AF81-6B2E04489229}.Debug|Any CPU.Build.0 = Debug|Any CPU
		{C52ED83E-684F-4706-AF81-6B2E04489229}.Release|Any CPU.ActiveCfg = Release|Any CPU
		{C52ED83E-684F-4706-AF81-6B2E04489229}.Release|Any CPU.Build.0 = Release|Any CPU
	EndGlobalSection
	GlobalSection(SolutionProperties) = preSolution
		HideSolutionNode = FALSE
	EndGlobalSection
	GlobalSection(ExtensibilityGlobals) = postSolution
		SolutionGuid = {2E342A71-1733-41AC-AEFF-AC49E0DC37D5}
	EndGlobalSection
EndGlobal
